Microsoft Visual Studio Solution File, Format Version 12.00
# Visual Studio Version 17
VisualStudioVersion = 17.5.2.0
MinimumVisualStudioVersion = 10.0.40219.1
Project("{FAE04EC0-301F-11D3-BF4B-00C04F79EFBC}") = "GravitySimulator", "GravitySimulator.csproj", "{6B8284BF-45E4-7AFE-58B5-0AE65809D78E}"
EndProject
Global
	GlobalSection(SolutionConfigurationPlatforms) = preSolution
		Debug|Any CPU = Debug|Any CPU
		Release|Any CPU = Release|Any CPU
	EndGlobalSection
	GlobalSection(ProjectConfigurationPlatforms) = postSolution
		{6B8284BF-45E4-7AFE-58B5-0AE65809D78E}.Debug|Any CPU.ActiveCfg = Debug|Any CPU
		{6B8284BF-45E4-7AFE-58B5-0AE65809D78E}.Debug|Any CPU.Build.0 = Debug|Any CPU
		{6B8284BF-45E4-7AFE-58B5-0AE65809D78E}.Release|Any CPU.ActiveCfg = Release|Any CPU
		{6B8284BF-45E4-7AFE-58B5-0AE65809D78E}.Release|Any CPU.Build.0 = Release|Any CPU
	EndGlobalSection
	GlobalSection(SolutionProperties) = preSolution
		HideSolutionNode = FALSE
	EndGlobalSection
	GlobalSection(ExtensibilityGlobals) = postSolution
		SolutionGuid = {32683D08-928C-4CBB-8DF3-8D051A66D677}
	EndGlobalSection
EndGlobal
